
Microsoft Visual Studio Solution File, Format Version 12.00
# Visual Studio Version 17
VisualStudioVersion = 17.3.32804.467
MinimumVisualStudioVersion = 10.0.40219.1
Project("{9A19103F-16F7-4668-BE54-9A1E7A4F7556}") = "CardsLab", "CardsLab\CardsLab.csproj", "{CED8F6F7-FD6A-4B3A-955B-B4333C3A82A8}"
EndProject
Project("{9A19103F-16F7-4668-BE54-9A1E7A4F7556}") = "XkcdMvc", "..\..\Week11Old\XkcdConsole\XkcdMvc\XkcdMvc.csproj", "{E138D58D-5551-4F9E-8CD1-44343516ED89}"
EndProject
Project("{9A19103F-16F7-4668-BE54-9A1E7A4F7556}") = "XkcdConsole", "..\..\Week11Old\XkcdConsole\XkcdConsole\XkcdConsole.csproj", "{84DB062F-4271-46FC-B954-E625B99CD388}"
EndProject
Project("{9A19103F-16F7-4668-BE54-9A1E7A4F7556}") = "CardsLabDemo", "CardsLabDemo\CardsLabDemo.csproj", "{B829E63C-59BB-4A1D-BA89-1BE46F5A0D47}"
EndProject
Project("{9A19103F-16F7-4668-BE54-9A1E7A4F7556}") = "PokerGame", "PokerGame\PokerGame.csproj", "{26C7591A-9A00-4512-B720-47E249796417}"
EndProject
Project("{FAE04EC0-301F-11D3-BF4B-00C04F79EFBC}") = "Starwars", "Starwars\Starwars.csproj", "{2EA0BAFA-7884-401E-B0A9-C963265667BD}"
EndProject
Global
	GlobalSection(SolutionConfigurationPlatforms) = preSolution
		Debug|Any CPU = Debug|Any CPU
		Release|Any CPU = Release|Any CPU
	EndGlobalSection
	GlobalSection(ProjectConfigurationPlatforms) = postSolution
		{CED8F6F7-FD6A-4B3A-955B-B4333C3A82A8}.Debug|Any CPU.ActiveCfg = Debug|Any CPU
		{CED8F6F7-FD6A-4B3A-955B-B4333C3A82A8}.Debug|Any CPU.Build.0 = Debug|Any CPU
		{CED8F6F7-FD6A-4B3A-955B-B4333C3A82A8}.Release|Any CPU.ActiveCfg = Release|Any CPU
		{CED8F6F7-FD6A-4B3A-955B-B4333C3A82A8}.Release|Any CPU.Build.0 = Release|Any CPU
		{E138D58D-5551-4F9E-8CD1-44343516ED89}.Debug|Any CPU.ActiveCfg = Debug|Any CPU
		{E138D58D-5551-4F9E-8CD1-44343516ED89}.Debug|Any CPU.Build.0 = Debug|Any CPU
		{E138D58D-5551-4F9E-8CD1-44343516ED89}.Release|Any CPU.ActiveCfg = Release|Any CPU
		{E138D58D-5551-4F9E-8CD1-44343516ED89}.Release|Any CPU.Build.0 = Release|Any CPU
		{84DB062F-4271-46FC-B954-E625B99CD388}.Debug|Any CPU.ActiveCfg = Debug|Any CPU
		{84DB062F-4271-46FC-B954-E625B99CD388}.Debug|Any CPU.Build.0 = Debug|Any CPU
		{84DB062F-4271-46FC-B954-E625B99CD388}.Release|Any CPU.ActiveCfg = Release|Any CPU
		{84DB062F-4271-46FC-B954-E625B99CD388}.Release|Any CPU.Build.0 = Release|Any CPU
		{B829E63C-59BB-4A1D-BA89-1BE46F5A0D47}.Debug|Any CPU.ActiveCfg = Debug|Any CPU
		{B829E63C-59BB-4A1D-BA89-1BE46F5A0D47}.Debug|Any CPU.Build.0 = Debug|Any CPU
		{B829E63C-59BB-4A1D-BA89-1BE46F5A0D47}.Release|Any CPU.ActiveCfg = Release|Any CPU
		{B829E63C-59BB-4A1D-BA89-1BE46F5A0D47}.Release|Any CPU.Build.0 = Release|Any CPU
		{26C7591A-9A00-4512-B720-47E249796417}.Debug|Any CPU.ActiveCfg = Debug|Any CPU
		{26C7591A-9A00-4512-B720-47E249796417}.Debug|Any CPU.Build.0 = Debug|Any CPU
		{26C7591A-9A00-4512-B720-47E249796417}.Release|Any CPU.ActiveCfg = Release|Any CPU
		{26C7591A-9A00-4512-B720-47E249796417}.Release|Any CPU.Build.0 = Release|Any CPU
		{2EA0BAFA-7884-401E-B0A9-C963265667BD}.Debug|Any CPU.ActiveCfg = Debug|Any CPU
		{2EA0BAFA-7884-401E-B0A9-C963265667BD}.Debug|Any CPU.Build.0 = Debug|Any CPU
		{2EA0BAFA-7884-401E-B0A9-C963265667BD}.Release|Any CPU.ActiveCfg = Release|Any CPU
		{2EA0BAFA-7884-401E-B0A9-C963265667BD}.Release|Any CPU.Build.0 = Release|Any CPU
	EndGlobalSection
	GlobalSection(SolutionProperties) = preSolution
		HideSolutionNode = FALSE
	EndGlobalSection
	GlobalSection(ExtensibilityGlobals) = postSolution
		SolutionGuid = {AE16A58F-2C8A-4145-9A9D-4324DD200F94}
	EndGlobalSection
EndGlobal
